
Microsoft Visual Studio Solution File, Format Version 12.00
# Visual Studio Version 17
VisualStudioVersion = 17.14.36127.28 d17.14
MinimumVisualStudioVersion = 10.0.40219.1
Project("{FAE04EC0-301F-11D3-BF4B-00C04F79EFBC}") = "SharpDomainPasswordSpray", "SharpDomainPasswordSpray\SharpDomainPasswordSpray.csproj", "{4FEF6439-165E-4F65-8318-64ECE18CF333}"
EndProject
Global
	GlobalSection(SolutionConfigurationPlatforms) = preSolution
		Debug|Any CPU = Debug|Any CPU
		Debug|x64 = Debug|x64
		Release|Any CPU = Release|Any CPU
		Release|x64 = Release|x64
	EndGlobalSection
	GlobalSection(ProjectConfigurationPlatforms) = postSolution
		{4FEF6439-165E-4F65-8318-64ECE18CF333}.Debug|Any CPU.ActiveCfg = Debug|Any CPU
		{4FEF6439-165E-4F65-8318-64ECE18CF333}.Debug|Any CPU.Build.0 = Debug|Any CPU
		{4FEF6439-165E-4F65-8318-64ECE18CF333}.Debug|x64.ActiveCfg = Debug|x64
		{4FEF6439-165E-4F65-8318-64ECE18CF333}.Debug|x64.Build.0 = Debug|x64
		{4FEF6439-165E-4F65-8318-64ECE18CF333}.Release|Any CPU.ActiveCfg = Release|Any CPU
		{4FEF6439-165E-4F65-8318-64ECE18CF333}.Release|Any CPU.Build.0 = Release|Any CPU
		{4FEF6439-165E-4F65-8318-64ECE18CF333}.Release|x64.ActiveCfg = Release|x64
		{4FEF6439-165E-4F65-8318-64ECE18CF333}.Release|x64.Build.0 = Release|x64
	EndGlobalSection
	GlobalSection(SolutionProperties) = preSolution
		HideSolutionNode = FALSE
	EndGlobalSection
	GlobalSection(ExtensibilityGlobals) = postSolution
		SolutionGuid = {FCB62025-6A83-46A0-B696-AC6CF3508128}
	EndGlobalSection
EndGlobal
